
Microsoft Visual Studio Solution File, Format Version 12.00
# Visual Studio Version 16
VisualStudioVersion = 16.0.30002.166
MinimumVisualStudioVersion = 10.0.40219.1
Project("{9A19103F-16F7-4668-BE54-9A1E7A4F7556}") = "VerifyAADJWT01", "VerifyAADJWT01.csproj", "{C35C1DA4-92A6-429C-903B-CF96FC54CF54}"
EndProject
Global
	GlobalSection(SolutionConfigurationPlatforms) = preSolution
		Debug|Any CPU = Debug|Any CPU
		Release|Any CPU = Release|Any CPU
	EndGlobalSection
	GlobalSection(ProjectConfigurationPlatforms) = postSolution
		{C35C1DA4-92A6-429C-903B-CF96FC54CF54}.Debug|Any CPU.ActiveCfg = Debug|Any CPU
		{C35C1DA4-92A6-429C-903B-CF96FC54CF54}.Debug|Any CPU.Build.0 = Debug|Any CPU
		{C35C1DA4-92A6-429C-903B-CF96FC54CF54}.Release|Any CPU.ActiveCfg = Release|Any CPU
		{C35C1DA4-92A6-429C-903B-CF96FC54CF54}.Release|Any CPU.Build.0 = Release|Any CPU
	EndGlobalSection
	GlobalSection(SolutionProperties) = preSolution
		HideSolutionNode = FALSE
	EndGlobalSection
	GlobalSection(ExtensibilityGlobals) = postSolution
		SolutionGuid = {46AAF00C-C01C-42F8-89DF-8BF1C9DF9D31}
	EndGlobalSection
EndGlobal
